# THIS IS AN AUTOGENERATED FILE. DO NOT EDIT THIS FILE DIRECTLY.
# yarn lockfile v1


webextension-polyfill@^0.10.0:
  version "0.10.0"
  resolved "https://registry.yarnpkg.com/webextension-polyfill/-/webextension-polyfill-0.10.0.tgz#ccb28101c910ba8cf955f7e6a263e662d744dbb8"
  integrity sha512-c5s35LgVa5tFaHhrZDnr3FpQpjj1BB+RXhLTYUxGqBVN460HkbM8TBtEqdXWbpTKfzwCcjAZVF7zXCYSKtcp9g==
